
Microsoft Visual Studio Solution File, Format Version 12.00
# Visual Studio Version 16
VisualStudioVersion = 25.0.1706.5
MinimumVisualStudioVersion = 10.0.40219.1
Project("{FAE04EC0-301F-11D3-BF4B-00C04F79EFBC}") = "TypesAndVariables", "TypesAndVariables\TypesAndVariables.csproj", "{F543CD79-04BD-470F-8A42-7FE6A940C017}"
EndProject
Project("{FAE04EC0-301F-11D3-BF4B-00C04F79EFBC}") = "Conditionals", "Conditionals\Conditionals.csproj", "{9F81E2A1-DE16-428A-ADF7-92688184FC43}"
EndProject
Project("{FAE04EC0-301F-11D3-BF4B-00C04F79EFBC}") = "Methods", "Methods\Methods.csproj", "{455FBB21-B1BA-41FC-915E-FD076DCE4074}"
EndProject
Project("{FAE04EC0-301F-11D3-BF4B-00C04F79EFBC}") = "Arrays", "Arrays\Arrays.csproj", "{64CF0AA4-29CB-4857-A759-105161672798}"
EndProject
Project("{FAE04EC0-301F-11D3-BF4B-00C04F79EFBC}") = "Loops", "Loops\Loops.csproj", "{13897080-2DD7-4C47-81AD-D923E42624F0}"
EndProject
Project("{FAE04EC0-301F-11D3-BF4B-00C04F79EFBC}") = "PrimeNumber", "PrimeNumber\PrimeNumber.csproj", "{C4557543-69A2-4F97-85D4-48A5D405E7CE}"
EndProject
Project("{FAE04EC0-301F-11D3-BF4B-00C04F79EFBC}") = "Strings", "Strings\Strings.csproj", "{9A111B5E-2EF0-4BB8-9D06-5243DAA5DF3E}"
EndProject
Global
	GlobalSection(SolutionConfigurationPlatforms) = preSolution
		Debug|Any CPU = Debug|Any CPU
		Release|Any CPU = Release|Any CPU
	EndGlobalSection
	GlobalSection(ProjectConfigurationPlatforms) = postSolution
		{F543CD79-04BD-470F-8A42-7FE6A940C017}.Debug|Any CPU.ActiveCfg = Debug|Any CPU
		{F543CD79-04BD-470F-8A42-7FE6A940C017}.Debug|Any CPU.Build.0 = Debug|Any CPU
		{F543CD79-04BD-470F-8A42-7FE6A940C017}.Release|Any CPU.ActiveCfg = Release|Any CPU
		{F543CD79-04BD-470F-8A42-7FE6A940C017}.Release|Any CPU.Build.0 = Release|Any CPU
		{9F81E2A1-DE16-428A-ADF7-92688184FC43}.Debug|Any CPU.ActiveCfg = Debug|Any CPU
		{9F81E2A1-DE16-428A-ADF7-92688184FC43}.Debug|Any CPU.Build.0 = Debug|Any CPU
		{9F81E2A1-DE16-428A-ADF7-92688184FC43}.Release|Any CPU.ActiveCfg = Release|Any CPU
		{9F81E2A1-DE16-428A-ADF7-92688184FC43}.Release|Any CPU.Build.0 = Release|Any CPU
		{455FBB21-B1BA-41FC-915E-FD076DCE4074}.Debug|Any CPU.ActiveCfg = Debug|Any CPU
		{455FBB21-B1BA-41FC-915E-FD076DCE4074}.Debug|Any CPU.Build.0 = Debug|Any CPU
		{455FBB21-B1BA-41FC-915E-FD076DCE4074}.Release|Any CPU.ActiveCfg = Release|Any CPU
		{455FBB21-B1BA-41FC-915E-FD076DCE4074}.Release|Any CPU.Build.0 = Release|Any CPU
		{64CF0AA4-29CB-4857-A759-105161672798}.Debug|Any CPU.ActiveCfg = Debug|Any CPU
		{64CF0AA4-29CB-4857-A759-105161672798}.Debug|Any CPU.Build.0 = Debug|Any CPU
		{64CF0AA4-29CB-4857-A759-105161672798}.Release|Any CPU.ActiveCfg = Release|Any CPU
		{64CF0AA4-29CB-4857-A759-105161672798}.Release|Any CPU.Build.0 = Release|Any CPU
		{13897080-2DD7-4C47-81AD-D923E42624F0}.Debug|Any CPU.ActiveCfg = Debug|Any CPU
		{13897080-2DD7-4C47-81AD-D923E42624F0}.Debug|Any CPU.Build.0 = Debug|Any CPU
		{13897080-2DD7-4C47-81AD-D923E42624F0}.Release|Any CPU.ActiveCfg = Release|Any CPU
		{13897080-2DD7-4C47-81AD-D923E42624F0}.Release|Any CPU.Build.0 = Release|Any CPU
		{C4557543-69A2-4F97-85D4-48A5D405E7CE}.Debug|Any CPU.ActiveCfg = Debug|Any CPU
		{C4557543-69A2-4F97-85D4-48A5D405E7CE}.Debug|Any CPU.Build.0 = Debug|Any CPU
		{C4557543-69A2-4F97-85D4-48A5D405E7CE}.Release|Any CPU.ActiveCfg = Release|Any CPU
		{C4557543-69A2-4F97-85D4-48A5D405E7CE}.Release|Any CPU.Build.0 = Release|Any CPU
		{9A111B5E-2EF0-4BB8-9D06-5243DAA5DF3E}.Debug|Any CPU.ActiveCfg = Debug|Any CPU
		{9A111B5E-2EF0-4BB8-9D06-5243DAA5DF3E}.Debug|Any CPU.Build.0 = Debug|Any CPU
		{9A111B5E-2EF0-4BB8-9D06-5243DAA5DF3E}.Release|Any CPU.ActiveCfg = Release|Any CPU
		{9A111B5E-2EF0-4BB8-9D06-5243DAA5DF3E}.Release|Any CPU.Build.0 = Release|Any CPU
	EndGlobalSection
	GlobalSection(SolutionProperties) = preSolution
		HideSolutionNode = FALSE
	EndGlobalSection
	GlobalSection(ExtensibilityGlobals) = postSolution
		SolutionGuid = {7BEC84D4-6BEE-45F5-8D9A-247983D6784A}
	EndGlobalSection
EndGlobal
