
Microsoft Visual Studio Solution File, Format Version 12.00
# Visual Studio Version 17
VisualStudioVersion = 17.5.002.0
MinimumVisualStudioVersion = 10.0.40219.1
Project("{9A19103F-16F7-4668-BE54-9A1E7A4F7556}") = "PerfectNumbers", "PerfectNumbers.csproj", "{C318070D-6B97-4EBF-B79A-77AE0A7020DB}"
EndProject
Global
	GlobalSection(SolutionConfigurationPlatforms) = preSolution
		Debug|Any CPU = Debug|Any CPU
		Release|Any CPU = Release|Any CPU
	EndGlobalSection
	GlobalSection(ProjectConfigurationPlatforms) = postSolution
		{C318070D-6B97-4EBF-B79A-77AE0A7020DB}.Debug|Any CPU.ActiveCfg = Debug|Any CPU
		{C318070D-6B97-4EBF-B79A-77AE0A7020DB}.Debug|Any CPU.Build.0 = Debug|Any CPU
		{C318070D-6B97-4EBF-B79A-77AE0A7020DB}.Release|Any CPU.ActiveCfg = Release|Any CPU
		{C318070D-6B97-4EBF-B79A-77AE0A7020DB}.Release|Any CPU.Build.0 = Release|Any CPU
	EndGlobalSection
	GlobalSection(SolutionProperties) = preSolution
		HideSolutionNode = FALSE
	EndGlobalSection
	GlobalSection(ExtensibilityGlobals) = postSolution
		SolutionGuid = {22856AAE-0EB8-431C-8B5D-CEE25FB8098D}
	EndGlobalSection
EndGlobal
