
Microsoft Visual Studio Solution File, Format Version 12.00
# Visual Studio Version 16
VisualStudioVersion = 25.0.1706.6
MinimumVisualStudioVersion = 10.0.40219.1
Project("{FAE04EC0-301F-11D3-BF4B-00C04F79EFBC}") = "Methods", "Methods\Methods.csproj", "{E0B03FD2-9CB8-4346-B599-1457E01C191D}"
EndProject
Project("{FAE04EC0-301F-11D3-BF4B-00C04F79EFBC}") = "Mathematics", "Mathematics\Mathematics.csproj", "{FE24AAEE-8AB2-4866-B689-33B916026A1B}"
EndProject
Project("{FAE04EC0-301F-11D3-BF4B-00C04F79EFBC}") = "ValueTypeAndReferenceType", "ValueTypeAndReferenceType\ValueTypeAndReferenceType.csproj", "{578FE5EF-518D-407F-8533-37AB9EC17748}"
EndProject
Project("{FAE04EC0-301F-11D3-BF4B-00C04F79EFBC}") = "OOP1", "OOP1\OOP1.csproj", "{AA899096-ECC7-4C7E-ACCD-8E53DC909109}"
EndProject
Project("{FAE04EC0-301F-11D3-BF4B-00C04F79EFBC}") = "Collections", "Collections\Collections.csproj", "{E272A98B-F6CF-4DA3-BC1F-D6547904F1AA}"
EndProject
Project("{FAE04EC0-301F-11D3-BF4B-00C04F79EFBC}") = "GenericsIntro", "GenericsIntro\GenericsIntro.csproj", "{F5C75EAD-6ABF-4E46-8728-EDFC6CBF013B}"
EndProject
Global
	GlobalSection(SolutionConfigurationPlatforms) = preSolution
		Debug|Any CPU = Debug|Any CPU
		Release|Any CPU = Release|Any CPU
	EndGlobalSection
	GlobalSection(ProjectConfigurationPlatforms) = postSolution
		{E0B03FD2-9CB8-4346-B599-1457E01C191D}.Debug|Any CPU.ActiveCfg = Debug|Any CPU
		{E0B03FD2-9CB8-4346-B599-1457E01C191D}.Debug|Any CPU.Build.0 = Debug|Any CPU
		{E0B03FD2-9CB8-4346-B599-1457E01C191D}.Release|Any CPU.ActiveCfg = Release|Any CPU
		{E0B03FD2-9CB8-4346-B599-1457E01C191D}.Release|Any CPU.Build.0 = Release|Any CPU
		{FE24AAEE-8AB2-4866-B689-33B916026A1B}.Debug|Any CPU.ActiveCfg = Debug|Any CPU
		{FE24AAEE-8AB2-4866-B689-33B916026A1B}.Debug|Any CPU.Build.0 = Debug|Any CPU
		{FE24AAEE-8AB2-4866-B689-33B916026A1B}.Release|Any CPU.ActiveCfg = Release|Any CPU
		{FE24AAEE-8AB2-4866-B689-33B916026A1B}.Release|Any CPU.Build.0 = Release|Any CPU
		{578FE5EF-518D-407F-8533-37AB9EC17748}.Debug|Any CPU.ActiveCfg = Debug|Any CPU
		{578FE5EF-518D-407F-8533-37AB9EC17748}.Debug|Any CPU.Build.0 = Debug|Any CPU
		{578FE5EF-518D-407F-8533-37AB9EC17748}.Release|Any CPU.ActiveCfg = Release|Any CPU
		{578FE5EF-518D-407F-8533-37AB9EC17748}.Release|Any CPU.Build.0 = Release|Any CPU
		{AA899096-ECC7-4C7E-ACCD-8E53DC909109}.Debug|Any CPU.ActiveCfg = Debug|Any CPU
		{AA899096-ECC7-4C7E-ACCD-8E53DC909109}.Debug|Any CPU.Build.0 = Debug|Any CPU
		{AA899096-ECC7-4C7E-ACCD-8E53DC909109}.Release|Any CPU.ActiveCfg = Release|Any CPU
		{AA899096-ECC7-4C7E-ACCD-8E53DC909109}.Release|Any CPU.Build.0 = Release|Any CPU
		{E272A98B-F6CF-4DA3-BC1F-D6547904F1AA}.Debug|Any CPU.ActiveCfg = Debug|Any CPU
		{E272A98B-F6CF-4DA3-BC1F-D6547904F1AA}.Debug|Any CPU.Build.0 = Debug|Any CPU
		{E272A98B-F6CF-4DA3-BC1F-D6547904F1AA}.Release|Any CPU.ActiveCfg = Release|Any CPU
		{E272A98B-F6CF-4DA3-BC1F-D6547904F1AA}.Release|Any CPU.Build.0 = Release|Any CPU
		{F5C75EAD-6ABF-4E46-8728-EDFC6CBF013B}.Debug|Any CPU.ActiveCfg = Debug|Any CPU
		{F5C75EAD-6ABF-4E46-8728-EDFC6CBF013B}.Debug|Any CPU.Build.0 = Debug|Any CPU
		{F5C75EAD-6ABF-4E46-8728-EDFC6CBF013B}.Release|Any CPU.ActiveCfg = Release|Any CPU
		{F5C75EAD-6ABF-4E46-8728-EDFC6CBF013B}.Release|Any CPU.Build.0 = Release|Any CPU
	EndGlobalSection
	GlobalSection(SolutionProperties) = preSolution
		HideSolutionNode = FALSE
	EndGlobalSection
	GlobalSection(ExtensibilityGlobals) = postSolution
		SolutionGuid = {2C436117-B378-4030-9E7F-C31148921EA8}
	EndGlobalSection
EndGlobal
