
Microsoft Visual Studio Solution File, Format Version 12.00
# Visual Studio Version 16
VisualStudioVersion = 25.0.1706.6
MinimumVisualStudioVersion = 10.0.40219.1
Project("{FAE04EC0-301F-11D3-BF4B-00C04F79EFBC}") = "ConsoleUI", "ConsoleUI\ConsoleUI.csproj", "{6100FD16-2AB4-419F-965E-D1D54133A39F}"
EndProject
Project("{FAE04EC0-301F-11D3-BF4B-00C04F79EFBC}") = "Entities", "Entities\Entities.csproj", "{7C526560-D518-4A3A-AC0E-15DB26C1AC37}"
EndProject
Project("{FAE04EC0-301F-11D3-BF4B-00C04F79EFBC}") = "DataAccess", "DataAccess\DataAccess.csproj", "{DD33A607-0FBA-48BF-8B90-D60B5DFB2879}"
EndProject
Project("{FAE04EC0-301F-11D3-BF4B-00C04F79EFBC}") = "Business", "Business\Business.csproj", "{F270AA1B-4B41-4EFC-99C4-4E3FB611AC63}"
EndProject
Global
	GlobalSection(SolutionConfigurationPlatforms) = preSolution
		Debug|Any CPU = Debug|Any CPU
		Release|Any CPU = Release|Any CPU
	EndGlobalSection
	GlobalSection(ProjectConfigurationPlatforms) = postSolution
		{6100FD16-2AB4-419F-965E-D1D54133A39F}.Debug|Any CPU.ActiveCfg = Debug|Any CPU
		{6100FD16-2AB4-419F-965E-D1D54133A39F}.Debug|Any CPU.Build.0 = Debug|Any CPU
		{6100FD16-2AB4-419F-965E-D1D54133A39F}.Release|Any CPU.ActiveCfg = Release|Any CPU
		{6100FD16-2AB4-419F-965E-D1D54133A39F}.Release|Any CPU.Build.0 = Release|Any CPU
		{7C526560-D518-4A3A-AC0E-15DB26C1AC37}.Debug|Any CPU.ActiveCfg = Debug|Any CPU
		{7C526560-D518-4A3A-AC0E-15DB26C1AC37}.Debug|Any CPU.Build.0 = Debug|Any CPU
		{7C526560-D518-4A3A-AC0E-15DB26C1AC37}.Release|Any CPU.ActiveCfg = Release|Any CPU
		{7C526560-D518-4A3A-AC0E-15DB26C1AC37}.Release|Any CPU.Build.0 = Release|Any CPU
		{DD33A607-0FBA-48BF-8B90-D60B5DFB2879}.Debug|Any CPU.ActiveCfg = Debug|Any CPU
		{DD33A607-0FBA-48BF-8B90-D60B5DFB2879}.Debug|Any CPU.Build.0 = Debug|Any CPU
		{DD33A607-0FBA-48BF-8B90-D60B5DFB2879}.Release|Any CPU.ActiveCfg = Release|Any CPU
		{DD33A607-0FBA-48BF-8B90-D60B5DFB2879}.Release|Any CPU.Build.0 = Release|Any CPU
		{F270AA1B-4B41-4EFC-99C4-4E3FB611AC63}.Debug|Any CPU.ActiveCfg = Debug|Any CPU
		{F270AA1B-4B41-4EFC-99C4-4E3FB611AC63}.Debug|Any CPU.Build.0 = Debug|Any CPU
		{F270AA1B-4B41-4EFC-99C4-4E3FB611AC63}.Release|Any CPU.ActiveCfg = Release|Any CPU
		{F270AA1B-4B41-4EFC-99C4-4E3FB611AC63}.Release|Any CPU.Build.0 = Release|Any CPU
	EndGlobalSection
	GlobalSection(SolutionProperties) = preSolution
		HideSolutionNode = FALSE
	EndGlobalSection
	GlobalSection(ExtensibilityGlobals) = postSolution
		SolutionGuid = {EAE833D0-C534-4DD7-AE08-3C6DFCF6506C}
	EndGlobalSection
EndGlobal
